
Microsoft Visual Studio Solution File, Format Version 12.00
# Visual Studio Version 16
VisualStudioVersion = 16.0.30717.126
MinimumVisualStudioVersion = 10.0.40219.1
Project("{FAE04EC0-301F-11D3-BF4B-00C04F79EFBC}") = "parkerhague.com", "parkerhague.com\parkerhague.com.csproj", "{53D4CBED-FD39-4202-9774-1A94C0705B51}"
EndProject
Global
	GlobalSection(SolutionConfigurationPlatforms) = preSolution
		Debug|Any CPU = Debug|Any CPU
		Release|Any CPU = Release|Any CPU
	EndGlobalSection
	GlobalSection(ProjectConfigurationPlatforms) = postSolution
		{53D4CBED-FD39-4202-9774-1A94C0705B51}.Debug|Any CPU.ActiveCfg = Debug|Any CPU
		{53D4CBED-FD39-4202-9774-1A94C0705B51}.Debug|Any CPU.Build.0 = Debug|Any CPU
		{53D4CBED-FD39-4202-9774-1A94C0705B51}.Release|Any CPU.ActiveCfg = Release|Any CPU
		{53D4CBED-FD39-4202-9774-1A94C0705B51}.Release|Any CPU.Build.0 = Release|Any CPU
	EndGlobalSection
	GlobalSection(SolutionProperties) = preSolution
		HideSolutionNode = FALSE
	EndGlobalSection
	GlobalSection(ExtensibilityGlobals) = postSolution
		SolutionGuid = {D4CB2DC9-1C12-4405-B315-1DD80197D7CC}
	EndGlobalSection
EndGlobal
